
Microsoft Visual Studio Solution File, Format Version 12.00
# Visual Studio Version 16
VisualStudioVersion = 16.0.28803.202
MinimumVisualStudioVersion = 10.0.40219.1
Project("{9A19103F-16F7-4668-BE54-9A1E7A4F7556}") = "TrainsOnline.Common", "TrainsOnline.Common\TrainsOnline.Common.csproj", "{8645EB65-4F2E-4D47-8559-95EF9BF23DC0}"
EndProject
Project("{2150E333-8FDC-42A3-9474-1A3956D46DE8}") = "Common", "Common", "{5E87A342-37A8-4458-AD8D-F9511E771A17}"
EndProject
Project("{2150E333-8FDC-42A3-9474-1A3956D46DE8}") = "Core", "Core", "{BF383146-B70C-49AE-8524-7DCB948ED1CA}"
EndProject
Project("{2150E333-8FDC-42A3-9474-1A3956D46DE8}") = "Infrastructure", "Infrastructure", "{EEEEF0AB-4CB8-4767-9204-E6AB71481FFF}"
EndProject
Project("{2150E333-8FDC-42A3-9474-1A3956D46DE8}") = "Presentation", "Presentation", "{50ECBFBC-DE20-44C5-8F9A-78BE60BD73D4}"
EndProject
Project("{2150E333-8FDC-42A3-9474-1A3956D46DE8}") = "Configuration", "Configuration", "{5A568ABF-C3B9-4EAD-8E09-3BC04B05353F}"
	ProjectSection(SolutionItems) = preProject
		azure-pipelines.yml = azure-pipelines.yml
		global.json = global.json
		TrainsOnline.sln.licenseheader = TrainsOnline.sln.licenseheader
	EndProjectSection
EndProject
Project("{2150E333-8FDC-42A3-9474-1A3956D46DE8}") = "Src", "Src", "{0E5E4D60-EAAB-4F62-9BD0-A886013648F1}"
EndProject
Project("{2150E333-8FDC-42A3-9474-1A3956D46DE8}") = "Docs", "Docs", "{A6D2925B-CE1C-45F7-81C2-1AF6A306BAF4}"
	ProjectSection(SolutionItems) = preProject
		README.md = README.md
	EndProjectSection
EndProject
Project("{9A19103F-16F7-4668-BE54-9A1E7A4F7556}") = "TrainsOnline.Application", "TrainsOnline.Application\TrainsOnline.Application.csproj", "{A1B09F08-89A9-42FE-95BC-9608CE3010F8}"
EndProject
Project("{9A19103F-16F7-4668-BE54-9A1E7A4F7556}") = "TrainsOnline.Domain", "TrainsOnline.Domain\TrainsOnline.Domain.csproj", "{FC6346E7-2048-4D4E-BE0F-1FFA4DA7A439}"
EndProject
Project("{2150E333-8FDC-42A3-9474-1A3956D46DE8}") = "Application", "Application", "{5FF5201F-A69F-43D0-B902-D99D1E8406E9}"
EndProject
Project("{2150E333-8FDC-42A3-9474-1A3956D46DE8}") = "Domain", "Domain", "{952CEA84-CAA9-41EF-A657-F2E04B983D8B}"
EndProject
Project("{9A19103F-16F7-4668-BE54-9A1E7A4F7556}") = "TrainsOnline.Infrastructure", "TrainsOnline.Infrastructure\TrainsOnline.Infrastructure.csproj", "{1A0C0EDC-E672-421F-83E0-BAD02CD35CF1}"
EndProject
Project("{9A19103F-16F7-4668-BE54-9A1E7A4F7556}") = "TrainsOnline.Persistence", "TrainsOnline.Persistence\TrainsOnline.Persistence.csproj", "{AED4971D-86A5-47E5-AEF0-501FFCCFFC2E}"
EndProject
Project("{9A19103F-16F7-4668-BE54-9A1E7A4F7556}") = "TrainsOnline.Api", "TrainsOnline.Api\TrainsOnline.Api.csproj", "{847F5F5A-C23C-48D9-AF60-E5C33BC2584D}"
EndProject
Project("{FAE04EC0-301F-11D3-BF4B-00C04F79EFBC}") = "TrainsOnline.Domain.Abstractions", "TrainsOnline.Domain.Abstractions\TrainsOnline.Domain.Abstractions.csproj", "{5AD9FF81-2602-49EE-8721-6674C8DB73F3}"
EndProject
Global
	GlobalSection(SolutionConfigurationPlatforms) = preSolution
		Debug|Any CPU = Debug|Any CPU
		Debug|x64 = Debug|x64
		Debug|x86 = Debug|x86
		Release|Any CPU = Release|Any CPU
		Release|x64 = Release|x64
		Release|x86 = Release|x86
	EndGlobalSection
	GlobalSection(ProjectConfigurationPlatforms) = postSolution
		{8645EB65-4F2E-4D47-8559-95EF9BF23DC0}.Debug|Any CPU.ActiveCfg = Debug|Any CPU
		{8645EB65-4F2E-4D47-8559-95EF9BF23DC0}.Debug|Any CPU.Build.0 = Debug|Any CPU
		{8645EB65-4F2E-4D47-8559-95EF9BF23DC0}.Debug|x64.ActiveCfg = Debug|x64
		{8645EB65-4F2E-4D47-8559-95EF9BF23DC0}.Debug|x64.Build.0 = Debug|x64
		{8645EB65-4F2E-4D47-8559-95EF9BF23DC0}.Debug|x86.ActiveCfg = Debug|x86
		{8645EB65-4F2E-4D47-8559-95EF9BF23DC0}.Debug|x86.Build.0 = Debug|x86
		{8645EB65-4F2E-4D47-8559-95EF9BF23DC0}.Release|Any CPU.ActiveCfg = Release|Any CPU
		{8645EB65-4F2E-4D47-8559-95EF9BF23DC0}.Release|Any CPU.Build.0 = Release|Any CPU
		{8645EB65-4F2E-4D47-8559-95EF9BF23DC0}.Release|x64.ActiveCfg = Release|x64
		{8645EB65-4F2E-4D47-8559-95EF9BF23DC0}.Release|x64.Build.0 = Release|x64
		{8645EB65-4F2E-4D47-8559-95EF9BF23DC0}.Release|x86.ActiveCfg = Release|x86
		{8645EB65-4F2E-4D47-8559-95EF9BF23DC0}.Release|x86.Build.0 = Release|x86
		{A1B09F08-89A9-42FE-95BC-9608CE3010F8}.Debug|Any CPU.ActiveCfg = Debug|Any CPU
		{A1B09F08-89A9-42FE-95BC-9608CE3010F8}.Debug|Any CPU.Build.0 = Debug|Any CPU
		{A1B09F08-89A9-42FE-95BC-9608CE3010F8}.Debug|x64.ActiveCfg = Debug|x64
		{A1B09F08-89A9-42FE-95BC-9608CE3010F8}.Debug|x64.Build.0 = Debug|x64
		{A1B09F08-89A9-42FE-95BC-9608CE3010F8}.Debug|x86.ActiveCfg = Debug|x86
		{A1B09F08-89A9-42FE-95BC-9608CE3010F8}.Debug|x86.Build.0 = Debug|x86
		{A1B09F08-89A9-42FE-95BC-9608CE3010F8}.Release|Any CPU.ActiveCfg = Release|Any CPU
		{A1B09F08-89A9-42FE-95BC-9608CE3010F8}.Release|Any CPU.Build.0 = Release|Any CPU
		{A1B09F08-89A9-42FE-95BC-9608CE3010F8}.Release|x64.ActiveCfg = Release|x64
		{A1B09F08-89A9-42FE-95BC-9608CE3010F8}.Release|x64.Build.0 = Release|x64
		{A1B09F08-89A9-42FE-95BC-9608CE3010F8}.Release|x86.ActiveCfg = Release|x86
		{A1B09F08-89A9-42FE-95BC-9608CE3010F8}.Release|x86.Build.0 = Release|x86
		{FC6346E7-2048-4D4E-BE0F-1FFA4DA7A439}.Debug|Any CPU.ActiveCfg = Debug|Any CPU
		{FC6346E7-2048-4D4E-BE0F-1FFA4DA7A439}.Debug|Any CPU.Build.0 = Debug|Any CPU
		{FC6346E7-2048-4D4E-BE0F-1FFA4DA7A439}.Debug|x64.ActiveCfg = Debug|x64
		{FC6346E7-2048-4D4E-BE0F-1FFA4DA7A439}.Debug|x64.Build.0 = Debug|x64
		{FC6346E7-2048-4D4E-BE0F-1FFA4DA7A439}.Debug|x86.ActiveCfg = Debug|x86
		{FC6346E7-2048-4D4E-BE0F-1FFA4DA7A439}.Debug|x86.Build.0 = Debug|x86
		{FC6346E7-2048-4D4E-BE0F-1FFA4DA7A439}.Release|Any CPU.ActiveCfg = Release|Any CPU
		{FC6346E7-2048-4D4E-BE0F-1FFA4DA7A439}.Release|Any CPU.Build.0 = Release|Any CPU
		{FC6346E7-2048-4D4E-BE0F-1FFA4DA7A439}.Release|x64.ActiveCfg = Release|x64
		{FC6346E7-2048-4D4E-BE0F-1FFA4DA7A439}.Release|x64.Build.0 = Release|x64
		{FC6346E7-2048-4D4E-BE0F-1FFA4DA7A439}.Release|x86.ActiveCfg = Release|x86
		{FC6346E7-2048-4D4E-BE0F-1FFA4DA7A439}.Release|x86.Build.0 = Release|x86
		{1A0C0EDC-E672-421F-83E0-BAD02CD35CF1}.Debug|Any CPU.ActiveCfg = Debug|Any CPU
		{1A0C0EDC-E672-421F-83E0-BAD02CD35CF1}.Debug|Any CPU.Build.0 = Debug|Any CPU
		{1A0C0EDC-E672-421F-83E0-BAD02CD35CF1}.Debug|x64.ActiveCfg = Debug|x64
		{1A0C0EDC-E672-421F-83E0-BAD02CD35CF1}.Debug|x64.Build.0 = Debug|x64
		{1A0C0EDC-E672-421F-83E0-BAD02CD35CF1}.Debug|x86.ActiveCfg = Debug|x86
		{1A0C0EDC-E672-421F-83E0-BAD02CD35CF1}.Debug|x86.Build.0 = Debug|x86
		{1A0C0EDC-E672-421F-83E0-BAD02CD35CF1}.Release|Any CPU.ActiveCfg = Release|Any CPU
		{1A0C0EDC-E672-421F-83E0-BAD02CD35CF1}.Release|Any CPU.Build.0 = Release|Any CPU
		{1A0C0EDC-E672-421F-83E0-BAD02CD35CF1}.Release|x64.ActiveCfg = Release|x64
		{1A0C0EDC-E672-421F-83E0-BAD02CD35CF1}.Release|x64.Build.0 = Release|x64
		{1A0C0EDC-E672-421F-83E0-BAD02CD35CF1}.Release|x86.ActiveCfg = Release|x86
		{1A0C0EDC-E672-421F-83E0-BAD02CD35CF1}.Release|x86.Build.0 = Release|x86
		{AED4971D-86A5-47E5-AEF0-501FFCCFFC2E}.Debug|Any CPU.ActiveCfg = Debug|Any CPU
		{AED4971D-86A5-47E5-AEF0-501FFCCFFC2E}.Debug|Any CPU.Build.0 = Debug|Any CPU
		{AED4971D-86A5-47E5-AEF0-501FFCCFFC2E}.Debug|x64.ActiveCfg = Debug|x64
		{AED4971D-86A5-47E5-AEF0-501FFCCFFC2E}.Debug|x64.Build.0 = Debug|x64
		{AED4971D-86A5-47E5-AEF0-501FFCCFFC2E}.Debug|x86.ActiveCfg = Debug|x86
		{AED4971D-86A5-47E5-AEF0-501FFCCFFC2E}.Debug|x86.Build.0 = Debug|x86
		{AED4971D-86A5-47E5-AEF0-501FFCCFFC2E}.Release|Any CPU.ActiveCfg = Release|Any CPU
		{AED4971D-86A5-47E5-AEF0-501FFCCFFC2E}.Release|Any CPU.Build.0 = Release|Any CPU
		{AED4971D-86A5-47E5-AEF0-501FFCCFFC2E}.Release|x64.ActiveCfg = Release|x64
		{AED4971D-86A5-47E5-AEF0-501FFCCFFC2E}.Release|x64.Build.0 = Release|x64
		{AED4971D-86A5-47E5-AEF0-501FFCCFFC2E}.Release|x86.ActiveCfg = Release|x86
		{AED4971D-86A5-47E5-AEF0-501FFCCFFC2E}.Release|x86.Build.0 = Release|x86
		{847F5F5A-C23C-48D9-AF60-E5C33BC2584D}.Debug|Any CPU.ActiveCfg = Debug|Any CPU
		{847F5F5A-C23C-48D9-AF60-E5C33BC2584D}.Debug|Any CPU.Build.0 = Debug|Any CPU
		{847F5F5A-C23C-48D9-AF60-E5C33BC2584D}.Debug|x64.ActiveCfg = Debug|x64
		{847F5F5A-C23C-48D9-AF60-E5C33BC2584D}.Debug|x64.Build.0 = Debug|x64
		{847F5F5A-C23C-48D9-AF60-E5C33BC2584D}.Debug|x86.ActiveCfg = Debug|x86
		{847F5F5A-C23C-48D9-AF60-E5C33BC2584D}.Debug|x86.Build.0 = Debug|x86
		{847F5F5A-C23C-48D9-AF60-E5C33BC2584D}.Release|Any CPU.ActiveCfg = Release|Any CPU
		{847F5F5A-C23C-48D9-AF60-E5C33BC2584D}.Release|Any CPU.Build.0 = Release|Any CPU
		{847F5F5A-C23C-48D9-AF60-E5C33BC2584D}.Release|x64.ActiveCfg = Release|x64
		{847F5F5A-C23C-48D9-AF60-E5C33BC2584D}.Release|x64.Build.0 = Release|x64
		{847F5F5A-C23C-48D9-AF60-E5C33BC2584D}.Release|x86.ActiveCfg = Release|x86
		{847F5F5A-C23C-48D9-AF60-E5C33BC2584D}.Release|x86.Build.0 = Release|x86
		{5AD9FF81-2602-49EE-8721-6674C8DB73F3}.Debug|Any CPU.ActiveCfg = Debug|Any CPU
		{5AD9FF81-2602-49EE-8721-6674C8DB73F3}.Debug|Any CPU.Build.0 = Debug|Any CPU
		{5AD9FF81-2602-49EE-8721-6674C8DB73F3}.Debug|x64.ActiveCfg = Debug|Any CPU
		{5AD9FF81-2602-49EE-8721-6674C8DB73F3}.Debug|x64.Build.0 = Debug|Any CPU
		{5AD9FF81-2602-49EE-8721-6674C8DB73F3}.Debug|x86.ActiveCfg = Debug|Any CPU
		{5AD9FF81-2602-49EE-8721-6674C8DB73F3}.Debug|x86.Build.0 = Debug|Any CPU
		{5AD9FF81-2602-49EE-8721-6674C8DB73F3}.Release|Any CPU.ActiveCfg = Release|Any CPU
		{5AD9FF81-2602-49EE-8721-6674C8DB73F3}.Release|Any CPU.Build.0 = Release|Any CPU
		{5AD9FF81-2602-49EE-8721-6674C8DB73F3}.Release|x64.ActiveCfg = Release|x64
		{5AD9FF81-2602-49EE-8721-6674C8DB73F3}.Release|x64.Build.0 = Release|x64
		{5AD9FF81-2602-49EE-8721-6674C8DB73F3}.Release|x86.ActiveCfg = Release|x86
		{5AD9FF81-2602-49EE-8721-6674C8DB73F3}.Release|x86.Build.0 = Release|x86
	EndGlobalSection
	GlobalSection(SolutionProperties) = preSolution
		HideSolutionNode = FALSE
	EndGlobalSection
	GlobalSection(NestedProjects) = preSolution
		{8645EB65-4F2E-4D47-8559-95EF9BF23DC0} = {5E87A342-37A8-4458-AD8D-F9511E771A17}
		{5E87A342-37A8-4458-AD8D-F9511E771A17} = {0E5E4D60-EAAB-4F62-9BD0-A886013648F1}
		{BF383146-B70C-49AE-8524-7DCB948ED1CA} = {0E5E4D60-EAAB-4F62-9BD0-A886013648F1}
		{EEEEF0AB-4CB8-4767-9204-E6AB71481FFF} = {BF383146-B70C-49AE-8524-7DCB948ED1CA}
		{50ECBFBC-DE20-44C5-8F9A-78BE60BD73D4} = {0E5E4D60-EAAB-4F62-9BD0-A886013648F1}
		{A1B09F08-89A9-42FE-95BC-9608CE3010F8} = {5FF5201F-A69F-43D0-B902-D99D1E8406E9}
		{FC6346E7-2048-4D4E-BE0F-1FFA4DA7A439} = {952CEA84-CAA9-41EF-A657-F2E04B983D8B}
		{5FF5201F-A69F-43D0-B902-D99D1E8406E9} = {BF383146-B70C-49AE-8524-7DCB948ED1CA}
		{952CEA84-CAA9-41EF-A657-F2E04B983D8B} = {BF383146-B70C-49AE-8524-7DCB948ED1CA}
		{1A0C0EDC-E672-421F-83E0-BAD02CD35CF1} = {EEEEF0AB-4CB8-4767-9204-E6AB71481FFF}
		{AED4971D-86A5-47E5-AEF0-501FFCCFFC2E} = {EEEEF0AB-4CB8-4767-9204-E6AB71481FFF}
		{847F5F5A-C23C-48D9-AF60-E5C33BC2584D} = {50ECBFBC-DE20-44C5-8F9A-78BE60BD73D4}
		{5AD9FF81-2602-49EE-8721-6674C8DB73F3} = {952CEA84-CAA9-41EF-A657-F2E04B983D8B}
	EndGlobalSection
	GlobalSection(ExtensibilityGlobals) = postSolution
		SolutionGuid = {FEE34079-159B-49A1-87E6-C94969EE6487}
	EndGlobalSection
EndGlobal
